
Microsoft Visual Studio Solution File, Format Version 12.00
# Visual Studio Version 17
VisualStudioVersion = 17.7.34024.191
MinimumVisualStudioVersion = 10.0.40219.1
Project("{2150E333-8FDC-42A3-9474-1A3956D46DE8}") = "src", "src", "{8409FD40-A298-484B-A15B-6B80AE015225}"
EndProject
Project("{2150E333-8FDC-42A3-9474-1A3956D46DE8}") = "Core", "Core", "{5FD70713-2EA6-40CD-86FA-55082FA8BDC6}"
EndProject
Project("{2150E333-8FDC-42A3-9474-1A3956D46DE8}") = "Infraestrucure", "Infraestrucure", "{AF29FCE6-393F-4A78-9FF4-68A74956BDBA}"
EndProject
Project("{2150E333-8FDC-42A3-9474-1A3956D46DE8}") = "Presentation", "Presentation", "{DA653651-1CF6-4DBB-9D90-ECC8F1FA7887}"
EndProject
Project("{FAE04EC0-301F-11D3-BF4B-00C04F79EFBC}") = "Application", "Application\Application.csproj", "{D3902E83-BFF9-449A-866D-C40B14B4C127}"
EndProject
Project("{FAE04EC0-301F-11D3-BF4B-00C04F79EFBC}") = "Domain", "Domain\Domain.csproj", "{182B5DD4-84D7-4B51-AA15-FC4216B8811A}"
EndProject
Project("{FAE04EC0-301F-11D3-BF4B-00C04F79EFBC}") = "Persistence", "Persistence\Persistence.csproj", "{DEE6EA63-5222-4871-83A5-F2831D19C694}"
EndProject
Project("{FAE04EC0-301F-11D3-BF4B-00C04F79EFBC}") = "Shared", "Shared\Shared.csproj", "{336A441B-ED35-473E-8280-538A92EEB24C}"
EndProject
Project("{FAE04EC0-301F-11D3-BF4B-00C04F79EFBC}") = "WebAPI", "WebAPI\WebAPI.csproj", "{1328CEA7-5332-4C5D-A901-9C055AAE8FCA}"
EndProject
Global
	GlobalSection(SolutionConfigurationPlatforms) = preSolution
		Debug|Any CPU = Debug|Any CPU
		Release|Any CPU = Release|Any CPU
	EndGlobalSection
	GlobalSection(ProjectConfigurationPlatforms) = postSolution
		{D3902E83-BFF9-449A-866D-C40B14B4C127}.Debug|Any CPU.ActiveCfg = Debug|Any CPU
		{D3902E83-BFF9-449A-866D-C40B14B4C127}.Debug|Any CPU.Build.0 = Debug|Any CPU
		{D3902E83-BFF9-449A-866D-C40B14B4C127}.Release|Any CPU.ActiveCfg = Release|Any CPU
		{D3902E83-BFF9-449A-866D-C40B14B4C127}.Release|Any CPU.Build.0 = Release|Any CPU
		{182B5DD4-84D7-4B51-AA15-FC4216B8811A}.Debug|Any CPU.ActiveCfg = Debug|Any CPU
		{182B5DD4-84D7-4B51-AA15-FC4216B8811A}.Debug|Any CPU.Build.0 = Debug|Any CPU
		{182B5DD4-84D7-4B51-AA15-FC4216B8811A}.Release|Any CPU.ActiveCfg = Release|Any CPU
		{182B5DD4-84D7-4B51-AA15-FC4216B8811A}.Release|Any CPU.Build.0 = Release|Any CPU
		{DEE6EA63-5222-4871-83A5-F2831D19C694}.Debug|Any CPU.ActiveCfg = Debug|Any CPU
		{DEE6EA63-5222-4871-83A5-F2831D19C694}.Debug|Any CPU.Build.0 = Debug|Any CPU
		{DEE6EA63-5222-4871-83A5-F2831D19C694}.Release|Any CPU.ActiveCfg = Release|Any CPU
		{DEE6EA63-5222-4871-83A5-F2831D19C694}.Release|Any CPU.Build.0 = Release|Any CPU
		{336A441B-ED35-473E-8280-538A92EEB24C}.Debug|Any CPU.ActiveCfg = Debug|Any CPU
		{336A441B-ED35-473E-8280-538A92EEB24C}.Debug|Any CPU.Build.0 = Debug|Any CPU
		{336A441B-ED35-473E-8280-538A92EEB24C}.Release|Any CPU.ActiveCfg = Release|Any CPU
		{336A441B-ED35-473E-8280-538A92EEB24C}.Release|Any CPU.Build.0 = Release|Any CPU
		{1328CEA7-5332-4C5D-A901-9C055AAE8FCA}.Debug|Any CPU.ActiveCfg = Debug|Any CPU
		{1328CEA7-5332-4C5D-A901-9C055AAE8FCA}.Debug|Any CPU.Build.0 = Debug|Any CPU
		{1328CEA7-5332-4C5D-A901-9C055AAE8FCA}.Release|Any CPU.ActiveCfg = Release|Any CPU
		{1328CEA7-5332-4C5D-A901-9C055AAE8FCA}.Release|Any CPU.Build.0 = Release|Any CPU
	EndGlobalSection
	GlobalSection(SolutionProperties) = preSolution
		HideSolutionNode = FALSE
	EndGlobalSection
	GlobalSection(NestedProjects) = preSolution
		{5FD70713-2EA6-40CD-86FA-55082FA8BDC6} = {8409FD40-A298-484B-A15B-6B80AE015225}
		{AF29FCE6-393F-4A78-9FF4-68A74956BDBA} = {8409FD40-A298-484B-A15B-6B80AE015225}
		{DA653651-1CF6-4DBB-9D90-ECC8F1FA7887} = {8409FD40-A298-484B-A15B-6B80AE015225}
		{D3902E83-BFF9-449A-866D-C40B14B4C127} = {5FD70713-2EA6-40CD-86FA-55082FA8BDC6}
		{182B5DD4-84D7-4B51-AA15-FC4216B8811A} = {5FD70713-2EA6-40CD-86FA-55082FA8BDC6}
		{DEE6EA63-5222-4871-83A5-F2831D19C694} = {AF29FCE6-393F-4A78-9FF4-68A74956BDBA}
		{336A441B-ED35-473E-8280-538A92EEB24C} = {AF29FCE6-393F-4A78-9FF4-68A74956BDBA}
		{1328CEA7-5332-4C5D-A901-9C055AAE8FCA} = {DA653651-1CF6-4DBB-9D90-ECC8F1FA7887}
	EndGlobalSection
	GlobalSection(ExtensibilityGlobals) = postSolution
		SolutionGuid = {0AF005AC-4D60-426F-858D-5DA5B5AF6E98}
	EndGlobalSection
EndGlobal
